{
  "name": "sw_team_pj",
  "lockfileVersion": 2,
  "requires": true,
  "packages": {
    "": {
      "dependencies": {
        "react-liquid-gauge": "^1.2.4"
      }
    },
    "node_modules/d3-array": {
      "version": "1.2.4",
      "resolved": "https://registry.npmjs.org/d3-array/-/d3-array-1.2.4.tgz",
      "integrity": "sha512-KHW6M86R+FUPYGb3R5XiYjXPq7VzwxZ22buHhAEVG5ztoEcZZMLov530mmccaqA1GghZArjQV46fuc8kUqhhHw=="
    },
    "node_modules/d3-collection": {
      "version": "1.0.7",
      "resolved": "https://registry.npmjs.org/d3-collection/-/d3-collection-1.0.7.tgz",
      "integrity": "sha512-ii0/r5f4sjKNTfh84Di+DpztYwqKhEyUlKoPrzUFfeSkWxjW49xU2QzO9qrPrNkpdI0XJkfzvmTu8V2Zylln6A=="
    },
    "node_modules/d3-color": {
      "version": "1.4.1",
      "resolved": "https://registry.npmjs.org/d3-color/-/d3-color-1.4.1.tgz",
      "integrity": "sha512-p2sTHSLCJI2QKunbGb7ocOh7DgTAn8IrLx21QRc/BSnodXM4sv6aLQlnfpvehFMLZEfBc6g9pH9SWQccFYfJ9Q=="
    },
    "node_modules/d3-dispatch": {
      "version": "1.0.6",
      "resolved": "https://registry.npmjs.org/d3-dispatch/-/d3-dispatch-1.0.6.tgz",
      "integrity": "sha512-fVjoElzjhCEy+Hbn8KygnmMS7Or0a9sI2UzGwoB7cCtvI1XpVN9GpoYlnb3xt2YV66oXYb1fLJ8GMvP4hdU1RA=="
    },
    "node_modules/d3-ease": {
      "version": "1.0.7",
      "resolved": "https://registry.npmjs.org/d3-ease/-/d3-ease-1.0.7.tgz",
      "integrity": "sha512-lx14ZPYkhNx0s/2HX5sLFUI3mbasHjSSpwO/KaaNACweVwxUruKyWVcb293wMv1RqTPZyZ8kSZ2NogUZNcLOFQ=="
    },
    "node_modules/d3-format": {
      "version": "1.4.5",
      "resolved": "https://registry.npmjs.org/d3-format/-/d3-format-1.4.5.tgz",
      "integrity": "sha512-J0piedu6Z8iB6TbIGfZgDzfXxUFN3qQRMofy2oPdXzQibYGqPB/9iMcxr/TGalU+2RsyDO+U4f33id8tbnSRMQ=="
    },
    "node_modules/d3-interpolate": {
      "version": "1.4.0",
      "resolved": "https://registry.npmjs.org/d3-interpolate/-/d3-interpolate-1.4.0.tgz",
      "integrity": "sha512-V9znK0zc3jOPV4VD2zZn0sDhZU3WAE2bmlxdIwwQPPzPjvyLkd8B3JUVdS1IDUFDkWZ72c9qnv1GK2ZagTZ8EA==",
      "dependencies": {
        "d3-color": "1"
      }
    },
    "node_modules/d3-path": {
      "version": "1.0.9",
      "resolved": "https://registry.npmjs.org/d3-path/-/d3-path-1.0.9.tgz",
      "integrity": "sha512-VLaYcn81dtHVTjEHd8B+pbe9yHWpXKZUC87PzoFmsFrJqgFwDe/qxfp5MlfsfM1V5E/iVt0MmEbWQ7FVIXh/bg=="
    },
    "node_modules/d3-scale": {
      "version": "1.0.7",
      "resolved": "https://registry.npmjs.org/d3-scale/-/d3-scale-1.0.7.tgz",
      "integrity": "sha512-KvU92czp2/qse5tUfGms6Kjig0AhHOwkzXG0+PqIJB3ke0WUv088AHMZI0OssO9NCkXt4RP8yju9rpH8aGB7Lw==",
      "dependencies": {
        "d3-array": "^1.2.0",
        "d3-collection": "1",
        "d3-color": "1",
        "d3-format": "1",
        "d3-interpolate": "1",
        "d3-time": "1",
        "d3-time-format": "2"
      }
    },
    "node_modules/d3-selection": {
      "version": "1.4.2",
      "resolved": "https://registry.npmjs.org/d3-selection/-/d3-selection-1.4.2.tgz",
      "integrity": "sha512-SJ0BqYihzOjDnnlfyeHT0e30k0K1+5sR3d5fNueCNeuhZTnGw4M4o8mqJchSwgKMXCNFo+e2VTChiSJ0vYtXkg=="
    },
    "node_modules/d3-shape": {
      "version": "1.3.7",
      "resolved": "https://registry.npmjs.org/d3-shape/-/d3-shape-1.3.7.tgz",
      "integrity": "sha512-EUkvKjqPFUAZyOlhY5gzCxCeI0Aep04LwIRpsZ/mLFelJiUfnK56jo5JMDSE7yyP2kLSb6LtF+S5chMk7uqPqw==",
      "dependencies": {
        "d3-path": "1"
      }
    },
    "node_modules/d3-time": {
      "version": "1.1.0",
      "resolved": "https://registry.npmjs.org/d3-time/-/d3-time-1.1.0.tgz",
      "integrity": "sha512-Xh0isrZ5rPYYdqhAVk8VLnMEidhz5aP7htAADH6MfzgmmicPkTo8LhkLxci61/lCB7n7UmE3bN0leRt+qvkLxA=="
    },
    "node_modules/d3-time-format": {
      "version": "2.3.0",
      "resolved": "https://registry.npmjs.org/d3-time-format/-/d3-time-format-2.3.0.tgz",
      "integrity": "sha512-guv6b2H37s2Uq/GefleCDtbe0XZAuy7Wa49VGkPVPMfLL9qObgBST3lEHJBMUp8S7NdLQAGIvr2KXk8Hc98iKQ==",
      "dependencies": {
        "d3-time": "1"
      }
    },
    "node_modules/d3-timer": {
      "version": "1.0.10",
      "resolved": "https://registry.npmjs.org/d3-timer/-/d3-timer-1.0.10.tgz",
      "integrity": "sha512-B1JDm0XDaQC+uvo4DT79H0XmBskgS3l6Ve+1SBCfxgmtIb1AVrPIoqd+nPSv+loMX8szQ0sVUhGngL7D5QPiXw=="
    },
    "node_modules/d3-transition": {
      "version": "1.3.2",
      "resolved": "https://registry.npmjs.org/d3-transition/-/d3-transition-1.3.2.tgz",
      "integrity": "sha512-sc0gRU4PFqZ47lPVHloMn9tlPcv8jxgOQg+0zjhfZXMQuvppjG6YuwdMBE0TuqCZjeJkLecku/l9R0JPcRhaDA==",
      "dependencies": {
        "d3-color": "1",
        "d3-dispatch": "1",
        "d3-ease": "1",
        "d3-interpolate": "1",
        "d3-selection": "^1.1.0",
        "d3-timer": "1"
      }
    },
    "node_modules/js-tokens": {
      "version": "4.0.0",
      "resolved": "https://registry.npmjs.org/js-tokens/-/js-tokens-4.0.0.tgz",
      "integrity": "sha512-RdJUflcE3cUzKiMqQgsCu06FPu9UdIJO0beYbPhHN4k6apgJtifcoCtT9bcxOpYBtpD2kCM6Sbzg4CausW/PKQ=="
    },
    "node_modules/loose-envify": {
      "version": "1.4.0",
      "resolved": "https://registry.npmjs.org/loose-envify/-/loose-envify-1.4.0.tgz",
      "integrity": "sha512-lyuxPGr/Wfhrlem2CL/UcnUc1zcqKAImBDzukY7Y5F/yQiNdko6+fRLevlw1HgMySw7f611UIY408EtxRSoK3Q==",
      "dependencies": {
        "js-tokens": "^3.0.0 || ^4.0.0"
      },
      "bin": {
        "loose-envify": "cli.js"
      }
    },
    "node_modules/object-assign": {
      "version": "4.1.1",
      "resolved": "https://registry.npmjs.org/object-assign/-/object-assign-4.1.1.tgz",
      "integrity": "sha512-rJgTQnkUnH1sFw8yT6VSU3zD3sWmu6sZhIseY8VX+GRu3P6F7Fu+JNDoXfklElbLJSnc3FUQHVe4cU5hj+BcUg==",
      "engines": {
        "node": ">=0.10.0"
      }
    },
    "node_modules/prop-types": {
      "version": "15.8.1",
      "resolved": "https://registry.npmjs.org/prop-types/-/prop-types-15.8.1.tgz",
      "integrity": "sha512-oj87CgZICdulUohogVAR7AjlC0327U4el4L6eAvOqCeudMDVU0NThNaV+b9Df4dXgSP1gXMTnPdhfe/2qDH5cg==",
      "dependencies": {
        "loose-envify": "^1.4.0",
        "object-assign": "^4.1.1",
        "react-is": "^16.13.1"
      }
    },
    "node_modules/react": {
      "version": "17.0.2",
      "resolved": "https://registry.npmjs.org/react/-/react-17.0.2.tgz",
      "integrity": "sha512-gnhPt75i/dq/z3/6q/0asP78D0u592D5L1pd7M8P+dck6Fu/jJeL6iVVK23fptSUZj8Vjf++7wXA8UNclGQcbA==",
      "peer": true,
      "dependencies": {
        "loose-envify": "^1.1.0",
        "object-assign": "^4.1.1"
      },
      "engines": {
        "node": ">=0.10.0"
      }
    },
    "node_modules/react-dom": {
      "version": "17.0.2",
      "resolved": "https://registry.npmjs.org/react-dom/-/react-dom-17.0.2.tgz",
      "integrity": "sha512-s4h96KtLDUQlsENhMn1ar8t2bEa+q/YAtj8pPPdIjPDGBDIVNsrD9aXNWqspUe6AzKCIG0C1HZZLqLV7qpOBGA==",
      "peer": true,
      "dependencies": {
        "loose-envify": "^1.1.0",
        "object-assign": "^4.1.1",
        "scheduler": "^0.20.2"
      },
      "peerDependencies": {
        "react": "17.0.2"
      }
    },
    "node_modules/react-is": {
      "version": "16.13.1",
      "resolved": "https://registry.npmjs.org/react-is/-/react-is-16.13.1.tgz",
      "integrity": "sha512-24e6ynE2H+OKt4kqsOvNd8kBpV65zoxbA4BVsEOB3ARVWQki/DHzaUoC5KuON/BiccDaCCTZBuOcfZs70kR8bQ=="
    },
    "node_modules/react-liquid-gauge": {
      "version": "1.2.4",
      "resolved": "https://registry.npmjs.org/react-liquid-gauge/-/react-liquid-gauge-1.2.4.tgz",
      "integrity": "sha512-GBhex9mag2gL4t8sfFbqMYRpGFWN/scJ3p05FIiuNu89l0LSUFem85m5SrGV2qORC0Zn6DyS/VGctMII6piFAA==",
      "dependencies": {
        "d3-color": "^1.0.2",
        "d3-ease": "^1.0.2",
        "d3-interpolate": "^1.1.5",
        "d3-scale": "^1.0.6",
        "d3-selection": "^1.1.0",
        "d3-shape": "^1.2.0",
        "d3-timer": "^1.0.3",
        "d3-transition": "^1.1.0",
        "prop-types": "^15.5.8"
      },
      "peerDependencies": {
        "react": "^0.14.0 || >=15.0.0",
        "react-dom": "^0.14.0 || >=15.0.0"
      }
    },
    "node_modules/scheduler": {
      "version": "0.20.2",
      "resolved": "https://registry.npmjs.org/scheduler/-/scheduler-0.20.2.tgz",
      "integrity": "sha512-2eWfGgAqqWFGqtdMmcL5zCMK1U8KlXv8SQFGglL3CEtd0aDVDWgeF/YoCmvln55m5zSk3J/20hTaSBeSObsQDQ==",
      "peer": true,
      "dependencies": {
        "loose-envify": "^1.1.0",
        "object-assign": "^4.1.1"
      }
    }
  },
  "dependencies": {
    "d3-array": {
      "version": "1.2.4",
      "resolved": "https://registry.npmjs.org/d3-array/-/d3-array-1.2.4.tgz",
      "integrity": "sha512-KHW6M86R+FUPYGb3R5XiYjXPq7VzwxZ22buHhAEVG5ztoEcZZMLov530mmccaqA1GghZArjQV46fuc8kUqhhHw=="
    },
    "d3-collection": {
      "version": "1.0.7",
      "resolved": "https://registry.npmjs.org/d3-collection/-/d3-collection-1.0.7.tgz",
      "integrity": "sha512-ii0/r5f4sjKNTfh84Di+DpztYwqKhEyUlKoPrzUFfeSkWxjW49xU2QzO9qrPrNkpdI0XJkfzvmTu8V2Zylln6A=="
    },
    "d3-color": {
      "version": "1.4.1",
      "resolved": "https://registry.npmjs.org/d3-color/-/d3-color-1.4.1.tgz",
      "integrity": "sha512-p2sTHSLCJI2QKunbGb7ocOh7DgTAn8IrLx21QRc/BSnodXM4sv6aLQlnfpvehFMLZEfBc6g9pH9SWQccFYfJ9Q=="
    },
    "d3-dispatch": {
      "version": "1.0.6",
      "resolved": "https://registry.npmjs.org/d3-dispatch/-/d3-dispatch-1.0.6.tgz",
      "integrity": "sha512-fVjoElzjhCEy+Hbn8KygnmMS7Or0a9sI2UzGwoB7cCtvI1XpVN9GpoYlnb3xt2YV66oXYb1fLJ8GMvP4hdU1RA=="
    },
    "d3-ease": {
      "version": "1.0.7",
      "resolved": "https://registry.npmjs.org/d3-ease/-/d3-ease-1.0.7.tgz",
      "integrity": "sha512-lx14ZPYkhNx0s/2HX5sLFUI3mbasHjSSpwO/KaaNACweVwxUruKyWVcb293wMv1RqTPZyZ8kSZ2NogUZNcLOFQ=="
    },
    "d3-format": {
      "version": "1.4.5",
      "resolved": "https://registry.npmjs.org/d3-format/-/d3-format-1.4.5.tgz",
      "integrity": "sha512-J0piedu6Z8iB6TbIGfZgDzfXxUFN3qQRMofy2oPdXzQibYGqPB/9iMcxr/TGalU+2RsyDO+U4f33id8tbnSRMQ=="
    },
    "d3-interpolate": {
      "version": "1.4.0",
      "resolved": "https://registry.npmjs.org/d3-interpolate/-/d3-interpolate-1.4.0.tgz",
      "integrity": "sha512-V9znK0zc3jOPV4VD2zZn0sDhZU3WAE2bmlxdIwwQPPzPjvyLkd8B3JUVdS1IDUFDkWZ72c9qnv1GK2ZagTZ8EA==",
      "requires": {
        "d3-color": "1"
      }
    },
    "d3-path": {
      "version": "1.0.9",
      "resolved": "https://registry.npmjs.org/d3-path/-/d3-path-1.0.9.tgz",
      "integrity": "sha512-VLaYcn81dtHVTjEHd8B+pbe9yHWpXKZUC87PzoFmsFrJqgFwDe/qxfp5MlfsfM1V5E/iVt0MmEbWQ7FVIXh/bg=="
    },
    "d3-scale": {
      "version": "1.0.7",
      "resolved": "https://registry.npmjs.org/d3-scale/-/d3-scale-1.0.7.tgz",
      "integrity": "sha512-KvU92czp2/qse5tUfGms6Kjig0AhHOwkzXG0+PqIJB3ke0WUv088AHMZI0OssO9NCkXt4RP8yju9rpH8aGB7Lw==",
      "requires": {
        "d3-array": "^1.2.0",
        "d3-collection": "1",
        "d3-color": "1",
        "d3-format": "1",
        "d3-interpolate": "1",
        "d3-time": "1",
        "d3-time-format": "2"
      }
    },
    "d3-selection": {
      "version": "1.4.2",
      "resolved": "https://registry.npmjs.org/d3-selection/-/d3-selection-1.4.2.tgz",
      "integrity": "sha512-SJ0BqYihzOjDnnlfyeHT0e30k0K1+5sR3d5fNueCNeuhZTnGw4M4o8mqJchSwgKMXCNFo+e2VTChiSJ0vYtXkg=="
    },
    "d3-shape": {
      "version": "1.3.7",
      "resolved": "https://registry.npmjs.org/d3-shape/-/d3-shape-1.3.7.tgz",
      "integrity": "sha512-EUkvKjqPFUAZyOlhY5gzCxCeI0Aep04LwIRpsZ/mLFelJiUfnK56jo5JMDSE7yyP2kLSb6LtF+S5chMk7uqPqw==",
      "requires": {
        "d3-path": "1"
      }
    },
    "d3-time": {
      "version": "1.1.0",
      "resolved": "https://registry.npmjs.org/d3-time/-/d3-time-1.1.0.tgz",
      "integrity": "sha512-Xh0isrZ5rPYYdqhAVk8VLnMEidhz5aP7htAADH6MfzgmmicPkTo8LhkLxci61/lCB7n7UmE3bN0leRt+qvkLxA=="
    },
    "d3-time-format": {
      "version": "2.3.0",
      "resolved": "https://registry.npmjs.org/d3-time-format/-/d3-time-format-2.3.0.tgz",
      "integrity": "sha512-guv6b2H37s2Uq/GefleCDtbe0XZAuy7Wa49VGkPVPMfLL9qObgBST3lEHJBMUp8S7NdLQAGIvr2KXk8Hc98iKQ==",
      "requires": {
        "d3-time": "1"
      }
    },
    "d3-timer": {
      "version": "1.0.10",
      "resolved": "https://registry.npmjs.org/d3-timer/-/d3-timer-1.0.10.tgz",
      "integrity": "sha512-B1JDm0XDaQC+uvo4DT79H0XmBskgS3l6Ve+1SBCfxgmtIb1AVrPIoqd+nPSv+loMX8szQ0sVUhGngL7D5QPiXw=="
    },
    "d3-transition": {
      "version": "1.3.2",
      "resolved": "https://registry.npmjs.org/d3-transition/-/d3-transition-1.3.2.tgz",
      "integrity": "sha512-sc0gRU4PFqZ47lPVHloMn9tlPcv8jxgOQg+0zjhfZXMQuvppjG6YuwdMBE0TuqCZjeJkLecku/l9R0JPcRhaDA==",
      "requires": {
        "d3-color": "1",
        "d3-dispatch": "1",
        "d3-ease": "1",
        "d3-interpolate": "1",
        "d3-selection": "^1.1.0",
        "d3-timer": "1"
      }
    },
    "js-tokens": {
      "version": "4.0.0",
      "resolved": "https://registry.npmjs.org/js-tokens/-/js-tokens-4.0.0.tgz",
      "integrity": "sha512-RdJUflcE3cUzKiMqQgsCu06FPu9UdIJO0beYbPhHN4k6apgJtifcoCtT9bcxOpYBtpD2kCM6Sbzg4CausW/PKQ=="
    },
    "loose-envify": {
      "version": "1.4.0",
      "resolved": "https://registry.npmjs.org/loose-envify/-/loose-envify-1.4.0.tgz",
      "integrity": "sha512-lyuxPGr/Wfhrlem2CL/UcnUc1zcqKAImBDzukY7Y5F/yQiNdko6+fRLevlw1HgMySw7f611UIY408EtxRSoK3Q==",
      "requires": {
        "js-tokens": "^3.0.0 || ^4.0.0"
      }
    },
    "object-assign": {
      "version": "4.1.1",
      "resolved": "https://registry.npmjs.org/object-assign/-/object-assign-4.1.1.tgz",
      "integrity": "sha512-rJgTQnkUnH1sFw8yT6VSU3zD3sWmu6sZhIseY8VX+GRu3P6F7Fu+JNDoXfklElbLJSnc3FUQHVe4cU5hj+BcUg=="
    },
    "prop-types": {
      "version": "15.8.1",
      "resolved": "https://registry.npmjs.org/prop-types/-/prop-types-15.8.1.tgz",
      "integrity": "sha512-oj87CgZICdulUohogVAR7AjlC0327U4el4L6eAvOqCeudMDVU0NThNaV+b9Df4dXgSP1gXMTnPdhfe/2qDH5cg==",
      "requires": {
        "loose-envify": "^1.4.0",
        "object-assign": "^4.1.1",
        "react-is": "^16.13.1"
      }
    },
    "react": {
      "version": "17.0.2",
      "resolved": "https://registry.npmjs.org/react/-/react-17.0.2.tgz",
      "integrity": "sha512-gnhPt75i/dq/z3/6q/0asP78D0u592D5L1pd7M8P+dck6Fu/jJeL6iVVK23fptSUZj8Vjf++7wXA8UNclGQcbA==",
      "peer": true,
      "requires": {
        "loose-envify": "^1.1.0",
        "object-assign": "^4.1.1"
      }
    },
    "react-dom": {
      "version": "17.0.2",
      "resolved": "https://registry.npmjs.org/react-dom/-/react-dom-17.0.2.tgz",
      "integrity": "sha512-s4h96KtLDUQlsENhMn1ar8t2bEa+q/YAtj8pPPdIjPDGBDIVNsrD9aXNWqspUe6AzKCIG0C1HZZLqLV7qpOBGA==",
      "peer": true,
      "requires": {
        "loose-envify": "^1.1.0",
        "object-assign": "^4.1.1",
        "scheduler": "^0.20.2"
      }
    },
    "react-is": {
      "version": "16.13.1",
      "resolved": "https://registry.npmjs.org/react-is/-/react-is-16.13.1.tgz",
      "integrity": "sha512-24e6ynE2H+OKt4kqsOvNd8kBpV65zoxbA4BVsEOB3ARVWQki/DHzaUoC5KuON/BiccDaCCTZBuOcfZs70kR8bQ=="
    },
    "react-liquid-gauge": {
      "version": "1.2.4",
      "resolved": "https://registry.npmjs.org/react-liquid-gauge/-/react-liquid-gauge-1.2.4.tgz",
      "integrity": "sha512-GBhex9mag2gL4t8sfFbqMYRpGFWN/scJ3p05FIiuNu89l0LSUFem85m5SrGV2qORC0Zn6DyS/VGctMII6piFAA==",
      "requires": {
        "d3-color": "^1.0.2",
        "d3-ease": "^1.0.2",
        "d3-interpolate": "^1.1.5",
        "d3-scale": "^1.0.6",
        "d3-selection": "^1.1.0",
        "d3-shape": "^1.2.0",
        "d3-timer": "^1.0.3",
        "d3-transition": "^1.1.0",
        "prop-types": "^15.5.8"
      }
    },
    "scheduler": {
      "version": "0.20.2",
      "resolved": "https://registry.npmjs.org/scheduler/-/scheduler-0.20.2.tgz",
      "integrity": "sha512-2eWfGgAqqWFGqtdMmcL5zCMK1U8KlXv8SQFGglL3CEtd0aDVDWgeF/YoCmvln55m5zSk3J/20hTaSBeSObsQDQ==",
      "peer": true,
      "requires": {
        "loose-envify": "^1.1.0",
        "object-assign": "^4.1.1"
      }
    }
  }
}
